
Microsoft Visual Studio Solution File, Format Version 12.00
# Visual Studio Version 16
VisualStudioVersion = 16.0.31313.79
MinimumVisualStudioVersion = 10.0.40219.1
Project("{9A19103F-16F7-4668-BE54-9A1E7A4F7556}") = "CarsWebApi.Web", "CarsWebApi\CarsWebApi.Web.csproj", "{1055B3A8-B3D9-43A7-A9C4-E615B5757F8D}"
EndProject
Project("{FAE04EC0-301F-11D3-BF4B-00C04F79EFBC}") = "CarsWebApi.Database", "CarsWebApi.Database\CarsWebApi.Database.csproj", "{5A9A5929-FADD-434F-AE50-8AE0D957BE39}"
EndProject
Project("{FAE04EC0-301F-11D3-BF4B-00C04F79EFBC}") = "CarsWebApi.BL", "CarsWebApi.BL\CarsWebApi.BL.csproj", "{D6D7A662-6AD7-4BFA-960F-3A43FE135C47}"
EndProject
Global
	GlobalSection(SolutionConfigurationPlatforms) = preSolution
		Debug|Any CPU = Debug|Any CPU
		Release|Any CPU = Release|Any CPU
	EndGlobalSection
	GlobalSection(ProjectConfigurationPlatforms) = postSolution
		{42989CC5-F9D8-441C-BC68-8AD8E43E340F}.Debug|Any CPU.ActiveCfg = Debug|Any CPU
		{42989CC5-F9D8-441C-BC68-8AD8E43E340F}.Debug|Any CPU.Build.0 = Debug|Any CPU
		{42989CC5-F9D8-441C-BC68-8AD8E43E340F}.Release|Any CPU.ActiveCfg = Release|Any CPU
		{42989CC5-F9D8-441C-BC68-8AD8E43E340F}.Release|Any CPU.Build.0 = Release|Any CPU
		{70A992DE-7F16-40AE-8DBB-4FDBBC5C5880}.Debug|Any CPU.ActiveCfg = Debug|Any CPU
		{70A992DE-7F16-40AE-8DBB-4FDBBC5C5880}.Debug|Any CPU.Build.0 = Debug|Any CPU
		{70A992DE-7F16-40AE-8DBB-4FDBBC5C5880}.Release|Any CPU.ActiveCfg = Release|Any CPU
		{70A992DE-7F16-40AE-8DBB-4FDBBC5C5880}.Release|Any CPU.Build.0 = Release|Any CPU
		{F7384F2F-990C-477A-AA71-1B45D24FD226}.Debug|Any CPU.ActiveCfg = Debug|Any CPU
		{F7384F2F-990C-477A-AA71-1B45D24FD226}.Debug|Any CPU.Build.0 = Debug|Any CPU
		{F7384F2F-990C-477A-AA71-1B45D24FD226}.Release|Any CPU.ActiveCfg = Release|Any CPU
		{F7384F2F-990C-477A-AA71-1B45D24FD226}.Release|Any CPU.Build.0 = Release|Any CPU
		{1055B3A8-B3D9-43A7-A9C4-E615B5757F8D}.Debug|Any CPU.ActiveCfg = Debug|Any CPU
		{1055B3A8-B3D9-43A7-A9C4-E615B5757F8D}.Debug|Any CPU.Build.0 = Debug|Any CPU
		{1055B3A8-B3D9-43A7-A9C4-E615B5757F8D}.Release|Any CPU.ActiveCfg = Release|Any CPU
		{1055B3A8-B3D9-43A7-A9C4-E615B5757F8D}.Release|Any CPU.Build.0 = Release|Any CPU
		{5A9A5929-FADD-434F-AE50-8AE0D957BE39}.Debug|Any CPU.ActiveCfg = Debug|Any CPU
		{5A9A5929-FADD-434F-AE50-8AE0D957BE39}.Debug|Any CPU.Build.0 = Debug|Any CPU
		{5A9A5929-FADD-434F-AE50-8AE0D957BE39}.Release|Any CPU.ActiveCfg = Release|Any CPU
		{5A9A5929-FADD-434F-AE50-8AE0D957BE39}.Release|Any CPU.Build.0 = Release|Any CPU
		{D6D7A662-6AD7-4BFA-960F-3A43FE135C47}.Debug|Any CPU.ActiveCfg = Debug|Any CPU
		{D6D7A662-6AD7-4BFA-960F-3A43FE135C47}.Debug|Any CPU.Build.0 = Debug|Any CPU
		{D6D7A662-6AD7-4BFA-960F-3A43FE135C47}.Release|Any CPU.ActiveCfg = Release|Any CPU
		{D6D7A662-6AD7-4BFA-960F-3A43FE135C47}.Release|Any CPU.Build.0 = Release|Any CPU
	EndGlobalSection
	GlobalSection(SolutionProperties) = preSolution
		HideSolutionNode = FALSE
	EndGlobalSection
	GlobalSection(ExtensibilityGlobals) = postSolution
		SolutionGuid = {670D5F89-C1B6-4DDB-9A68-90C18868FD52}
	EndGlobalSection
EndGlobal
